
Microsoft Visual Studio Solution File, Format Version 12.00
# Visual Studio Version 17
VisualStudioVersion = 17.9.34723.18
MinimumVisualStudioVersion = 10.0.40219.1
Project("{8BC9CEB8-8B4A-11D0-8D11-00A0C91BC942}") = "ENIGMA C++", "ENIGMA C++.vcxproj", "{8392AECC-CB83-416A-A29B-CEEEEE819B65}"
EndProject
Global
	GlobalSection(SolutionConfigurationPlatforms) = preSolution
		Debug|x64 = Debug|x64
		Debug|x86 = Debug|x86
		Release|x64 = Release|x64
		Release|x86 = Release|x86
	EndGlobalSection
	GlobalSection(ProjectConfigurationPlatforms) = postSolution
		{8392AECC-CB83-416A-A29B-CEEEEE819B65}.Debug|x64.ActiveCfg = Debug|x64
		{8392AECC-CB83-416A-A29B-CEEEEE819B65}.Debug|x64.Build.0 = Debug|x64
		{8392AECC-CB83-416A-A29B-CEEEEE819B65}.Debug|x86.ActiveCfg = Debug|Win32
		{8392AECC-CB83-416A-A29B-CEEEEE819B65}.Debug|x86.Build.0 = Debug|Win32
		{8392AECC-CB83-416A-A29B-CEEEEE819B65}.Release|x64.ActiveCfg = Release|x64
		{8392AECC-CB83-416A-A29B-CEEEEE819B65}.Release|x64.Build.0 = Release|x64
		{8392AECC-CB83-416A-A29B-CEEEEE819B65}.Release|x86.ActiveCfg = Release|Win32
		{8392AECC-CB83-416A-A29B-CEEEEE819B65}.Release|x86.Build.0 = Release|Win32
	EndGlobalSection
	GlobalSection(SolutionProperties) = preSolution
		HideSolutionNode = FALSE
	EndGlobalSection
	GlobalSection(ExtensibilityGlobals) = postSolution
		SolutionGuid = {CA12DAC1-043B-44EE-852E-4044AF95AD03}
	EndGlobalSection
EndGlobal
